{
    "_readme": [
        "This file locks the dependencies of your project to a known state",
        "Read more about it at https://getcomposer.org/doc/01-basic-usage.md#installing-dependencies",
        "This file is @generated automatically"
    ],
    "content-hash": "d17974627ba041373623b267ba7f1720",
    "packages": [],
    "packages-dev": [
        {
            "name": "superhuit/nextjs-revalidate",
            "version": "v1.1.0",
            "source": {
                "type": "git",
                "url": "https://github.com/superhuit-agency/nextjs-revalidate.git",
                "reference": "a3552525fae0cdf6cf57815bbbda91df5bdd69a6"
            },
            "dist": {
                "type": "zip",
                "url": "https://api.github.com/repos/superhuit-agency/nextjs-revalidate/zipball/a3552525fae0cdf6cf57815bbbda91df5bdd69a6",
                "reference": "a3552525fae0cdf6cf57815bbbda91df5bdd69a6",
                "shasum": ""
            },
            "require-dev": {
                "johnpbloch/wordpress-core": "6.1"
            },
            "type": "wordpress-plugin",
            "autoload": {
                "psr-4": {
                    "NextjsRevalidate\\": "include/"
                },
                "classmap": [
                    "include/"
                ]
            },
            "notification-url": "https://packagist.org/downloads/",
            "license": [
                "GPL-3.0-or-later"
            ],
            "authors": [
                {
                    "name": "superhuit",
                    "email": "tech@superhuit.ch",
                    "homepage": "https://superhuit.ch",
                    "role": "Developer"
                }
            ],
            "description": "Next.js plugin allows you to purge & re-build the cached pages from the WordPress admin area. It also automatically purges & re-builds when a page/post/... is save or updated.",
            "homepage": "https://github.com/superhuit-agency/nextjs-revalidate",
            "keywords": [
                "cache",
                "nextjs",
                "wordpress"
            ],
            "support": {
                "issues": "https://github.com/superhuit-agency/nextjs-revalidate/issues",
                "source": "https://github.com/superhuit-agency/nextjs-revalidate/tree/v1.1.0"
            },
            "time": "2023-02-24T15:09:48+00:00"
        }
    ],
    "aliases": [],
    "minimum-stability": "dev",
    "stability-flags": [],
    "prefer-stable": false,
    "prefer-lowest": false,
    "platform": [],
    "platform-dev": [],
    "plugin-api-version": "2.3.0"
}
